{
  "version": 4,
  "terraform_version": "1.1.4",
  "serial": 3,
  "lineage": "51ca0ff7-9845-9e77-bede-ee4de9a7afa2",
  "outputs": {},
  "resources": [
    {
      "mode": "managed",
      "type": "google_bigquery_dataset",
      "name": "dataset",
      "provider": "provider[\"registry.terraform.io/hashicorp/google\"]",
      "instances": [
        {
          "schema_version": 0,
          "attributes": {
            "access": [
              {
                "domain": "",
                "group_by_email": "",
                "role": "OWNER",
                "special_group": "",
                "user_by_email": "moritzbaeumel@gmail.com",
                "view": []
              },
              {
                "domain": "",
                "group_by_email": "",
                "role": "OWNER",
                "special_group": "projectOwners",
                "user_by_email": "",
                "view": []
              },
              {
                "domain": "",
                "group_by_email": "",
                "role": "READER",
                "special_group": "projectReaders",
                "user_by_email": "",
                "view": []
              },
              {
                "domain": "",
                "group_by_email": "",
                "role": "WRITER",
                "special_group": "projectWriters",
                "user_by_email": "",
                "view": []
              }
            ],
            "creation_time": 1642671683914,
            "dataset_id": "trips_data_all",
            "default_encryption_configuration": [],
            "default_partition_expiration_ms": 5184000000,
            "default_table_expiration_ms": 5184000000,
            "delete_contents_on_destroy": false,
            "description": "",
            "etag": "vQuTD1e6sBED/J+ODKHDpg==",
            "friendly_name": "",
            "id": "projects/dezoomcamp-338808/datasets/trips_data_all",
            "labels": null,
            "last_modified_time": 1642671683914,
            "location": "europe-west6",
            "project": "dezoomcamp-338808",
            "self_link": "https://www.googleapis.com/bigquery/v2/projects/dezoomcamp-338808/datasets/trips_data_all",
            "timeouts": null
          },
          "sensitive_attributes": [],
          "private": "eyJlMmJmYjczMC1lY2FhLTExZTYtOGY4OC0zNDM2M2JjN2M0YzAiOnsiY3JlYXRlIjoyNDAwMDAwMDAwMDAsImRlbGV0ZSI6MjQwMDAwMDAwMDAwLCJ1cGRhdGUiOjI0MDAwMDAwMDAwMH19"
        }
      ]
    }
  ]
}
